
Microsoft Visual Studio Solution File, Format Version 12.00
# Visual Studio Version 16
VisualStudioVersion = 16.0.29306.81
MinimumVisualStudioVersion = 10.0.40219.1
Project("{FAE04EC0-301F-11D3-BF4B-00C04F79EFBC}") = "Calculadora", "Calculadora\Calculadora.csproj", "{9737481A-8F0C-4215-ADD7-F6D9054FBA27}"
EndProject
Global
	GlobalSection(SolutionConfigurationPlatforms) = preSolution
		Debug|Any CPU = Debug|Any CPU
		Release|Any CPU = Release|Any CPU
	EndGlobalSection
	GlobalSection(ProjectConfigurationPlatforms) = postSolution
		{9737481A-8F0C-4215-ADD7-F6D9054FBA27}.Debug|Any CPU.ActiveCfg = Debug|Any CPU
		{9737481A-8F0C-4215-ADD7-F6D9054FBA27}.Debug|Any CPU.Build.0 = Debug|Any CPU
		{9737481A-8F0C-4215-ADD7-F6D9054FBA27}.Release|Any CPU.ActiveCfg = Release|Any CPU
		{9737481A-8F0C-4215-ADD7-F6D9054FBA27}.Release|Any CPU.Build.0 = Release|Any CPU
	EndGlobalSection
	GlobalSection(SolutionProperties) = preSolution
		HideSolutionNode = FALSE
	EndGlobalSection
	GlobalSection(ExtensibilityGlobals) = postSolution
		SolutionGuid = {54CE38DE-CF7F-4BBD-AD25-0AF52D517310}
	EndGlobalSection
EndGlobal
